
Microsoft Visual Studio Solution File, Format Version 12.00
# Visual Studio Version 16
VisualStudioVersion = 16.0.30114.105
MinimumVisualStudioVersion = 10.0.40219.1
Project("{2150E333-8FDC-42A3-9474-1A3956D46DE8}") = "src", "src", "{4C27BEB9-D3D7-41EC-AECE-B203F1BB1DD8}"
EndProject
Project("{2150E333-8FDC-42A3-9474-1A3956D46DE8}") = "API", "API", "{596EB10E-6B45-4E98-95BC-AE3B8470A927}"
EndProject
Project("{2150E333-8FDC-42A3-9474-1A3956D46DE8}") = "Core", "Core", "{305D16BC-8CB5-4ED5-9A8D-76758F66BC84}"
EndProject
Project("{FAE04EC0-301F-11D3-BF4B-00C04F79EFBC}") = "App.Domain", "src\Core\App.Domain\App.Domain.csproj", "{314137E3-AA5A-4EB6-8F67-182055C67F37}"
EndProject
Project("{FAE04EC0-301F-11D3-BF4B-00C04F79EFBC}") = "App.Application", "src\Core\App.Application\App.Application.csproj", "{0836BE9A-96D5-4611-A58A-986CBC390DBD}"
EndProject
Project("{2150E333-8FDC-42A3-9474-1A3956D46DE8}") = "Infrastructure", "Infrastructure", "{7C7C5553-FCA6-4FBA-91F7-79E989CF3A6B}"
EndProject
Project("{FAE04EC0-301F-11D3-BF4B-00C04F79EFBC}") = "App.Infrastructure", "src\Infrastructure\App.Infrastructure\App.Infrastructure.csproj", "{27810300-3ADA-4512-BE1A-F19970F9819A}"
EndProject
Project("{FAE04EC0-301F-11D3-BF4B-00C04F79EFBC}") = "App.Persistence", "src\Infrastructure\App.Persistence\App.Persistence.csproj", "{2C6FB297-3738-4B2C-BF34-3DF8280A1457}"
EndProject
Project("{FAE04EC0-301F-11D3-BF4B-00C04F79EFBC}") = "App.Api", "src\API\App.Api\App.Api.csproj", "{200AC391-2731-4353-A44A-31399DAF03CC}"
EndProject
Project("{2150E333-8FDC-42A3-9474-1A3956D46DE8}") = "test", "test", "{0A7FA3D1-54C3-4B76-9BDE-9217668F0F16}"
EndProject
Project("{FAE04EC0-301F-11D3-BF4B-00C04F79EFBC}") = "App.Application.UnitTests", "test\App.Application.UnitTests\App.Application.UnitTests.csproj", "{6987522B-7B0F-49E2-A720-25112B46E308}"
EndProject
Project("{FAE04EC0-301F-11D3-BF4B-00C04F79EFBC}") = "App.Identity", "src\Infrastructure\App.Identity\App.Identity.csproj", "{6CC07356-8CEE-4236-8A20-6B7FA7941B0E}"
EndProject
Global
	GlobalSection(SolutionConfigurationPlatforms) = preSolution
		Debug|Any CPU = Debug|Any CPU
		Release|Any CPU = Release|Any CPU
	EndGlobalSection
	GlobalSection(SolutionProperties) = preSolution
		HideSolutionNode = FALSE
	EndGlobalSection
	GlobalSection(ProjectConfigurationPlatforms) = postSolution
		{87E2A8E2-003B-4D68-8A09-523377C69A2E}.Debug|Any CPU.ActiveCfg = Debug|Any CPU
		{87E2A8E2-003B-4D68-8A09-523377C69A2E}.Debug|Any CPU.Build.0 = Debug|Any CPU
		{87E2A8E2-003B-4D68-8A09-523377C69A2E}.Release|Any CPU.ActiveCfg = Release|Any CPU
		{87E2A8E2-003B-4D68-8A09-523377C69A2E}.Release|Any CPU.Build.0 = Release|Any CPU
		{314137E3-AA5A-4EB6-8F67-182055C67F37}.Debug|Any CPU.ActiveCfg = Debug|Any CPU
		{314137E3-AA5A-4EB6-8F67-182055C67F37}.Debug|Any CPU.Build.0 = Debug|Any CPU
		{314137E3-AA5A-4EB6-8F67-182055C67F37}.Release|Any CPU.ActiveCfg = Release|Any CPU
		{314137E3-AA5A-4EB6-8F67-182055C67F37}.Release|Any CPU.Build.0 = Release|Any CPU
		{0836BE9A-96D5-4611-A58A-986CBC390DBD}.Debug|Any CPU.ActiveCfg = Debug|Any CPU
		{0836BE9A-96D5-4611-A58A-986CBC390DBD}.Debug|Any CPU.Build.0 = Debug|Any CPU
		{0836BE9A-96D5-4611-A58A-986CBC390DBD}.Release|Any CPU.ActiveCfg = Release|Any CPU
		{0836BE9A-96D5-4611-A58A-986CBC390DBD}.Release|Any CPU.Build.0 = Release|Any CPU
		{27810300-3ADA-4512-BE1A-F19970F9819A}.Debug|Any CPU.ActiveCfg = Debug|Any CPU
		{27810300-3ADA-4512-BE1A-F19970F9819A}.Debug|Any CPU.Build.0 = Debug|Any CPU
		{27810300-3ADA-4512-BE1A-F19970F9819A}.Release|Any CPU.ActiveCfg = Release|Any CPU
		{27810300-3ADA-4512-BE1A-F19970F9819A}.Release|Any CPU.Build.0 = Release|Any CPU
		{2C6FB297-3738-4B2C-BF34-3DF8280A1457}.Debug|Any CPU.ActiveCfg = Debug|Any CPU
		{2C6FB297-3738-4B2C-BF34-3DF8280A1457}.Debug|Any CPU.Build.0 = Debug|Any CPU
		{2C6FB297-3738-4B2C-BF34-3DF8280A1457}.Release|Any CPU.ActiveCfg = Release|Any CPU
		{2C6FB297-3738-4B2C-BF34-3DF8280A1457}.Release|Any CPU.Build.0 = Release|Any CPU
		{200AC391-2731-4353-A44A-31399DAF03CC}.Debug|Any CPU.ActiveCfg = Debug|Any CPU
		{200AC391-2731-4353-A44A-31399DAF03CC}.Debug|Any CPU.Build.0 = Debug|Any CPU
		{200AC391-2731-4353-A44A-31399DAF03CC}.Release|Any CPU.ActiveCfg = Release|Any CPU
		{200AC391-2731-4353-A44A-31399DAF03CC}.Release|Any CPU.Build.0 = Release|Any CPU
		{6987522B-7B0F-49E2-A720-25112B46E308}.Debug|Any CPU.ActiveCfg = Debug|Any CPU
		{6987522B-7B0F-49E2-A720-25112B46E308}.Debug|Any CPU.Build.0 = Debug|Any CPU
		{6987522B-7B0F-49E2-A720-25112B46E308}.Release|Any CPU.ActiveCfg = Release|Any CPU
		{6987522B-7B0F-49E2-A720-25112B46E308}.Release|Any CPU.Build.0 = Release|Any CPU
		{6CC07356-8CEE-4236-8A20-6B7FA7941B0E}.Debug|Any CPU.ActiveCfg = Debug|Any CPU
		{6CC07356-8CEE-4236-8A20-6B7FA7941B0E}.Debug|Any CPU.Build.0 = Debug|Any CPU
		{6CC07356-8CEE-4236-8A20-6B7FA7941B0E}.Release|Any CPU.ActiveCfg = Release|Any CPU
		{6CC07356-8CEE-4236-8A20-6B7FA7941B0E}.Release|Any CPU.Build.0 = Release|Any CPU
	EndGlobalSection
	GlobalSection(NestedProjects) = preSolution
		{305D16BC-8CB5-4ED5-9A8D-76758F66BC84} = {4C27BEB9-D3D7-41EC-AECE-B203F1BB1DD8}
		{314137E3-AA5A-4EB6-8F67-182055C67F37} = {305D16BC-8CB5-4ED5-9A8D-76758F66BC84}
		{0836BE9A-96D5-4611-A58A-986CBC390DBD} = {305D16BC-8CB5-4ED5-9A8D-76758F66BC84}
		{7C7C5553-FCA6-4FBA-91F7-79E989CF3A6B} = {4C27BEB9-D3D7-41EC-AECE-B203F1BB1DD8}
		{27810300-3ADA-4512-BE1A-F19970F9819A} = {7C7C5553-FCA6-4FBA-91F7-79E989CF3A6B}
		{2C6FB297-3738-4B2C-BF34-3DF8280A1457} = {7C7C5553-FCA6-4FBA-91F7-79E989CF3A6B}
		{596EB10E-6B45-4E98-95BC-AE3B8470A927} = {4C27BEB9-D3D7-41EC-AECE-B203F1BB1DD8}
		{200AC391-2731-4353-A44A-31399DAF03CC} = {596EB10E-6B45-4E98-95BC-AE3B8470A927}
		{6987522B-7B0F-49E2-A720-25112B46E308} = {0A7FA3D1-54C3-4B76-9BDE-9217668F0F16}
		{6CC07356-8CEE-4236-8A20-6B7FA7941B0E} = {7C7C5553-FCA6-4FBA-91F7-79E989CF3A6B}
	EndGlobalSection
EndGlobal
